[[package]]
name = "altgraph"
version = "0.17.3"
description = "Python graph (network) package"
category = "dev"
optional = false
python-versions = "*"

[[package]]
name = "attrs"
version = "22.1.0"
description = "Classes Without Boilerplate"
category = "main"
optional = false
python-versions = ">=3.5"

[package.extras]
dev = ["cloudpickle", "coverage[toml] (>=5.0.2)", "furo", "hypothesis", "mypy (>=0.900,!=0.940)", "pre-commit", "pympler", "pytest (>=4.3.0)", "pytest-mypy-plugins", "sphinx", "sphinx-notfound-page", "zope.interface"]
docs = ["furo", "sphinx", "sphinx-notfound-page", "zope.interface"]
tests = ["cloudpickle", "coverage[toml] (>=5.0.2)", "hypothesis", "mypy (>=0.900,!=0.940)", "pympler", "pytest (>=4.3.0)", "pytest-mypy-plugins", "zope.interface"]
tests-no-zope = ["cloudpickle", "coverage[toml] (>=5.0.2)", "hypothesis", "mypy (>=0.900,!=0.940)", "pympler", "pytest (>=4.3.0)", "pytest-mypy-plugins"]

[[package]]
name = "black"
version = "22.10.0"
description = "The uncompromising code formatter."
category = "dev"
optional = false
python-versions = ">=3.7"

[package.dependencies]
click = ">=8.0.0"
mypy-extensions = ">=0.4.3"
pathspec = ">=0.9.0"
platformdirs = ">=2"

[package.extras]
colorama = ["colorama (>=0.4.3)"]
d = ["aiohttp (>=3.7.4)"]
jupyter = ["ipython (>=7.8.0)", "tokenize-rt (>=3.2.0)"]
uvloop = ["uvloop (>=0.15.2)"]

[[package]]
name = "certifi"
version = "2022.9.24"
description = "Python package for providing Mozilla's CA Bundle."
category = "main"
optional = false
python-versions = ">=3.6"

[[package]]
name = "charset-normalizer"
version = "2.1.1"
description = "The Real First Universal Charset Detector. Open, modern and actively maintained alternative to Chardet."
category = "main"
optional = false
python-versions = ">=3.6.0"

[package.extras]
unicode-backport = ["unicodedata2"]

[[package]]
name = "cleo"
version = "2.0.1"
description = "Cleo allows you to create beautiful and testable command-line interfaces."
category = "main"
optional = false
python-versions = ">=3.7,<4.0"

[package.dependencies]
crashtest = ">=0.4.1,<0.5.0"
rapidfuzz = ">=2.2.0,<3.0.0"

[[package]]
name = "click"
version = "8.1.3"
description = "Composable command line interface toolkit"
category = "dev"
optional = false
python-versions = ">=3.7"

[package.dependencies]
colorama = {version = "*", markers = "platform_system == \"Windows\""}

[[package]]
name = "colorama"
version = "0.4.6"
description = "Cross-platform colored terminal text."
category = "main"
optional = false
python-versions = "!=3.0.*,!=3.1.*,!=3.2.*,!=3.3.*,!=3.4.*,!=3.5.*,!=3.6.*,>=2.7"

[[package]]
name = "crashtest"
version = "0.4.1"
description = "Manage Python errors with ease"
category = "main"
optional = false
python-versions = ">=3.7,<4.0"

[[package]]
name = "flake8"
version = "6.0.0"
description = "the modular source code checker: pep8 pyflakes and co"
category = "dev"
optional = false
python-versions = ">=3.8.1"

[package.dependencies]
mccabe = ">=0.7.0,<0.8.0"
pycodestyle = ">=2.10.0,<2.11.0"
pyflakes = ">=3.0.0,<3.1.0"

[[package]]
name = "future"
version = "0.18.2"
description = "Clean single-source support for Python 3 and 2"
category = "dev"
optional = false
python-versions = ">=2.6, !=3.0.*, !=3.1.*, !=3.2.*"

[[package]]
name = "idna"
version = "3.4"
description = "Internationalized Domain Names in Applications (IDNA)"
category = "main"
optional = false
python-versions = ">=3.5"

[[package]]
name = "isort"
version = "5.10.1"
description = "A Python utility / library to sort Python imports."
category = "dev"
optional = false
python-versions = ">=3.6.1,<4.0"

[package.extras]
colors = ["colorama (>=0.4.3,<0.5.0)"]
pipfile-deprecated-finder = ["pipreqs", "requirementslib"]
plugins = ["setuptools"]
requirements-deprecated-finder = ["pip-api", "pipreqs"]

[[package]]
name = "jsonschema"
version = "4.17.3"
description = "An implementation of JSON Schema validation for Python"
category = "main"
optional = false
python-versions = ">=3.7"

[package.dependencies]
attrs = ">=17.4.0"
pyrsistent = ">=0.14.0,<0.17.0 || >0.17.0,<0.17.1 || >0.17.1,<0.17.2 || >0.17.2"

[package.extras]
format = ["fqdn", "idna", "isoduration", "jsonpointer (>1.13)", "rfc3339-validator", "rfc3987", "uri-template", "webcolors (>=1.11)"]
format-nongpl = ["fqdn", "idna", "isoduration", "jsonpointer (>1.13)", "rfc3339-validator", "rfc3986-validator (>0.1.0)", "uri-template", "webcolors (>=1.11)"]

[[package]]
name = "macholib"
version = "1.16.2"
description = "Mach-O header analysis and editing"
category = "dev"
optional = false
python-versions = "*"

[package.dependencies]
altgraph = ">=0.17"

[[package]]
name = "mccabe"
version = "0.7.0"
description = "McCabe checker, plugin for flake8"
category = "dev"
optional = false
python-versions = ">=3.6"

[[package]]
name = "mypy-extensions"
version = "0.4.3"
description = "Experimental type system extensions for programs checked with the mypy typechecker."
category = "dev"
optional = false
python-versions = "*"

[[package]]
name = "packaging"
version = "21.3"
description = "Core utilities for Python packages"
category = "main"
optional = false
python-versions = ">=3.6"

[package.dependencies]
pyparsing = ">=2.0.2,<3.0.5 || >3.0.5"

[[package]]
name = "pathspec"
version = "0.10.2"
description = "Utility library for gitignore style pattern matching of file paths."
category = "dev"
optional = false
python-versions = ">=3.7"

[[package]]
name = "pefile"
version = "2022.5.30"
description = "Python PE parsing module"
category = "dev"
optional = false
python-versions = ">=3.6.0"

[package.dependencies]
future = "*"

[[package]]
name = "platformdirs"
version = "2.5.4"
description = "A small Python package for determining appropriate platform-specific dirs, e.g. a \"user data dir\"."
category = "dev"
optional = false
python-versions = ">=3.7"

[package.extras]
docs = ["furo (>=2022.9.29)", "proselint (>=0.13)", "sphinx (>=5.3)", "sphinx-autodoc-typehints (>=1.19.4)"]
test = ["appdirs (==1.4.4)", "pytest (>=7.2)", "pytest-cov (>=4)", "pytest-mock (>=3.10)"]

[[package]]
name = "pycodestyle"
version = "2.10.0"
description = "Python style guide checker"
category = "dev"
optional = false
python-versions = ">=3.6"

[[package]]
name = "pyflakes"
version = "3.0.1"
description = "passive checker of Python programs"
category = "dev"
optional = false
python-versions = ">=3.6"

[[package]]
name = "pyinstaller"
version = "5.6.2"
description = "PyInstaller bundles a Python application and all its dependencies into a single package."
category = "dev"
optional = false
python-versions = "<3.12,>=3.7"

[package.dependencies]
altgraph = "*"
macholib = {version = ">=1.8", markers = "sys_platform == \"darwin\""}
pefile = {version = ">=2022.5.30", markers = "sys_platform == \"win32\""}
pyinstaller-hooks-contrib = ">=2021.4"
pywin32-ctypes = {version = ">=0.2.0", markers = "sys_platform == \"win32\""}
setuptools = "*"

[package.extras]
encryption = ["tinyaes (>=1.0.0)"]
hook-testing = ["execnet (>=1.5.0)", "psutil", "pytest (>=2.7.3)"]

[[package]]
name = "pyinstaller-hooks-contrib"
version = "2022.13"
description = "Community maintained hooks for PyInstaller"
category = "dev"
optional = false
python-versions = ">=3.7"

[[package]]
name = "pyparsing"
version = "3.0.9"
description = "pyparsing module - Classes and methods to define and execute parsing grammars"
category = "main"
optional = false
python-versions = ">=3.6.8"

[package.extras]
diagrams = ["jinja2", "railroad-diagrams"]

[[package]]
name = "pyrsistent"
version = "0.19.2"
description = "Persistent/Functional/Immutable data structures"
category = "main"
optional = false
python-versions = ">=3.7"

[[package]]
name = "python-dateutil"
version = "2.8.2"
description = "Extensions to the standard Python datetime module"
category = "main"
optional = false
python-versions = "!=3.0.*,!=3.1.*,!=3.2.*,>=2.7"

[package.dependencies]
six = ">=1.5"

[[package]]
name = "pywin32-ctypes"
version = "0.2.0"
description = ""
category = "dev"
optional = false
python-versions = "*"

[[package]]
name = "rapidfuzz"
version = "2.13.3"
description = "rapid fuzzy string matching"
category = "main"
optional = false
python-versions = ">=3.7"

[package.extras]
full = ["numpy"]

[[package]]
name = "requests"
version = "2.28.1"
description = "Python HTTP for Humans."
category = "main"
optional = false
python-versions = ">=3.7, <4"

[package.dependencies]
certifi = ">=2017.4.17"
charset-normalizer = ">=2,<3"
idna = ">=2.5,<4"
urllib3 = ">=1.21.1,<1.27"

[package.extras]
socks = ["PySocks (>=1.5.6,!=1.5.7)"]
use-chardet-on-py3 = ["chardet (>=3.0.2,<6)"]

[[package]]
name = "setuptools"
version = "65.6.3"
description = "Easily download, build, install, upgrade, and uninstall Python packages"
category = "dev"
optional = false
python-versions = ">=3.7"

[package.extras]
docs = ["furo", "jaraco.packaging (>=9)", "jaraco.tidelift (>=1.4)", "pygments-github-lexers (==0.0.5)", "rst.linker (>=1.9)", "sphinx (>=3.5)", "sphinx-favicon", "sphinx-hoverxref (<2)", "sphinx-inline-tabs", "sphinx-notfound-page (==0.8.3)", "sphinx-reredirects", "sphinxcontrib-towncrier"]
testing = ["build[virtualenv]", "filelock (>=3.4.0)", "flake8 (<5)", "flake8-2020", "ini2toml[lite] (>=0.9)", "jaraco.envs (>=2.2)", "jaraco.path (>=3.2.0)", "pip (>=19.1)", "pip-run (>=8.8)", "pytest (>=6)", "pytest-black (>=0.3.7)", "pytest-checkdocs (>=2.4)", "pytest-cov", "pytest-enabler (>=1.3)", "pytest-flake8", "pytest-mypy (>=0.9.1)", "pytest-perf", "pytest-timeout", "pytest-xdist", "tomli-w (>=1.0.0)", "virtualenv (>=13.0.0)", "wheel"]
testing-integration = ["build[virtualenv]", "filelock (>=3.4.0)", "jaraco.envs (>=2.2)", "jaraco.path (>=3.2.0)", "pytest", "pytest-enabler", "pytest-xdist", "tomli", "virtualenv (>=13.0.0)", "wheel"]

[[package]]
name = "six"
version = "1.16.0"
description = "Python 2 and 3 compatibility utilities"
category = "main"
optional = false
python-versions = ">=2.7, !=3.0.*, !=3.1.*, !=3.2.*"

[[package]]
name = "tomli"
version = "2.0.1"
description = "A lil' TOML parser"
category = "main"
optional = false
python-versions = ">=3.7"

[[package]]
name = "tomli-w"
version = "1.0.0"
description = "A lil' TOML writer"
category = "main"
optional = false
python-versions = ">=3.7"

[[package]]
name = "urllib3"
version = "1.26.13"
description = "HTTP library with thread-safe connection pooling, file post, and more."
category = "main"
optional = false
python-versions = ">=2.7, !=3.0.*, !=3.1.*, !=3.2.*, !=3.3.*, !=3.4.*, !=3.5.*"

[package.extras]
brotli = ["brotli (>=1.0.9)", "brotlicffi (>=0.8.0)", "brotlipy (>=0.6.0)"]
secure = ["certifi", "cryptography (>=1.3.4)", "idna (>=2.0.0)", "ipaddress", "pyOpenSSL (>=0.14)", "urllib3-secure-extra"]
socks = ["PySocks (>=1.5.6,!=1.5.7,<2.0)"]

[metadata]
lock-version = "1.1"
python-versions = ">=3.11, <3.12"
content-hash = "13706af0fac4ae9a98621e337c0f6ce71662ee967c41ffbd4c35a67d228478ed"

[metadata.files]
altgraph = [
    {file = "altgraph-0.17.3-py2.py3-none-any.whl", hash = "sha256:c8ac1ca6772207179ed8003ce7687757c04b0b71536f81e2ac5755c6226458fe"},
    {file = "altgraph-0.17.3.tar.gz", hash = "sha256:ad33358114df7c9416cdb8fa1eaa5852166c505118717021c6a8c7c7abbd03dd"},
]
attrs = [
    {file = "attrs-22.1.0-py2.py3-none-any.whl", hash = "sha256:86efa402f67bf2df34f51a335487cf46b1ec130d02b8d39fd248abfd30da551c"},
    {file = "attrs-22.1.0.tar.gz", hash = "sha256:29adc2665447e5191d0e7c568fde78b21f9672d344281d0c6e1ab085429b22b6"},
]
black = [
    {file = "black-22.10.0-1fixedarch-cp310-cp310-macosx_11_0_x86_64.whl", hash = "sha256:5cc42ca67989e9c3cf859e84c2bf014f6633db63d1cbdf8fdb666dcd9e77e3fa"},
    {file = "black-22.10.0-1fixedarch-cp311-cp311-macosx_11_0_x86_64.whl", hash = "sha256:5d8f74030e67087b219b032aa33a919fae8806d49c867846bfacde57f43972ef"},
    {file = "black-22.10.0-1fixedarch-cp37-cp37m-macosx_10_16_x86_64.whl", hash = "sha256:197df8509263b0b8614e1df1756b1dd41be6738eed2ba9e9769f3880c2b9d7b6"},
    {file = "black-22.10.0-1fixedarch-cp38-cp38-macosx_10_16_x86_64.whl", hash = "sha256:2644b5d63633702bc2c5f3754b1b475378fbbfb481f62319388235d0cd104c2d"},
    {file = "black-22.10.0-1fixedarch-cp39-cp39-macosx_11_0_x86_64.whl", hash = "sha256:e41a86c6c650bcecc6633ee3180d80a025db041a8e2398dcc059b3afa8382cd4"},
    {file = "black-22.10.0-cp310-cp310-macosx_11_0_arm64.whl", hash = "sha256:2039230db3c6c639bd84efe3292ec7b06e9214a2992cd9beb293d639c6402edb"},
    {file = "black-22.10.0-cp310-cp310-manylinux_2_17_x86_64.manylinux2014_x86_64.whl", hash = "sha256:14ff67aec0a47c424bc99b71005202045dc09270da44a27848d534600ac64fc7"},
    {file = "black-22.10.0-cp310-cp310-win_amd64.whl", hash = "sha256:819dc789f4498ecc91438a7de64427c73b45035e2e3680c92e18795a839ebb66"},
    {file = "black-22.10.0-cp311-cp311-macosx_11_0_arm64.whl", hash = "sha256:5b9b29da4f564ba8787c119f37d174f2b69cdfdf9015b7d8c5c16121ddc054ae"},
    {file = "black-22.10.0-cp311-cp311-manylinux_2_17_x86_64.manylinux2014_x86_64.whl", hash = "sha256:b8b49776299fece66bffaafe357d929ca9451450f5466e997a7285ab0fe28e3b"},
    {file = "black-22.10.0-cp311-cp311-win_amd64.whl", hash = "sha256:21199526696b8f09c3997e2b4db8d0b108d801a348414264d2eb8eb2532e540d"},
    {file = "black-22.10.0-cp37-cp37m-manylinux_2_17_x86_64.manylinux2014_x86_64.whl", hash = "sha256:1e464456d24e23d11fced2bc8c47ef66d471f845c7b7a42f3bd77bf3d1789650"},
    {file = "black-22.10.0-cp37-cp37m-win_amd64.whl", hash = "sha256:9311e99228ae10023300ecac05be5a296f60d2fd10fff31cf5c1fa4ca4b1988d"},
    {file = "black-22.10.0-cp38-cp38-macosx_11_0_arm64.whl", hash = "sha256:fba8a281e570adafb79f7755ac8721b6cf1bbf691186a287e990c7929c7692ff"},
    {file = "black-22.10.0-cp38-cp38-manylinux_2_17_x86_64.manylinux2014_x86_64.whl", hash = "sha256:915ace4ff03fdfff953962fa672d44be269deb2eaf88499a0f8805221bc68c87"},
    {file = "black-22.10.0-cp38-cp38-win_amd64.whl", hash = "sha256:444ebfb4e441254e87bad00c661fe32df9969b2bf224373a448d8aca2132b395"},
    {file = "black-22.10.0-cp39-cp39-macosx_11_0_arm64.whl", hash = "sha256:974308c58d057a651d182208a484ce80a26dac0caef2895836a92dd6ebd725e0"},
    {file = "black-22.10.0-cp39-cp39-manylinux_2_17_x86_64.manylinux2014_x86_64.whl", hash = "sha256:72ef3925f30e12a184889aac03d77d031056860ccae8a1e519f6cbb742736383"},
    {file = "black-22.10.0-cp39-cp39-win_amd64.whl", hash = "sha256:432247333090c8c5366e69627ccb363bc58514ae3e63f7fc75c54b1ea80fa7de"},
    {file = "black-22.10.0-py3-none-any.whl", hash = "sha256:c957b2b4ea88587b46cf49d1dc17681c1e672864fd7af32fc1e9664d572b3458"},
    {file = "black-22.10.0.tar.gz", hash = "sha256:f513588da599943e0cde4e32cc9879e825d58720d6557062d1098c5ad80080e1"},
]
certifi = [
    {file = "certifi-2022.9.24-py3-none-any.whl", hash = "sha256:90c1a32f1d68f940488354e36370f6cca89f0f106db09518524c88d6ed83f382"},
    {file = "certifi-2022.9.24.tar.gz", hash = "sha256:0d9c601124e5a6ba9712dbc60d9c53c21e34f5f641fe83002317394311bdce14"},
]
charset-normalizer = [
    {file = "charset-normalizer-2.1.1.tar.gz", hash = "sha256:5a3d016c7c547f69d6f81fb0db9449ce888b418b5b9952cc5e6e66843e9dd845"},
    {file = "charset_normalizer-2.1.1-py3-none-any.whl", hash = "sha256:83e9a75d1911279afd89352c68b45348559d1fc0506b054b346651b5e7fee29f"},
]
cleo = [
    {file = "cleo-2.0.1-py3-none-any.whl", hash = "sha256:6eb133670a3ed1f3b052d53789017b6e50fca66d1287e6e6696285f4cb8ea448"},
    {file = "cleo-2.0.1.tar.gz", hash = "sha256:eb4b2e1f3063c11085cebe489a6e9124163c226575a3c3be69b2e51af4a15ec5"},
]
click = [
    {file = "click-8.1.3-py3-none-any.whl", hash = "sha256:bb4d8133cb15a609f44e8213d9b391b0809795062913b383c62be0ee95b1db48"},
    {file = "click-8.1.3.tar.gz", hash = "sha256:7682dc8afb30297001674575ea00d1814d808d6a36af415a82bd481d37ba7b8e"},
]
colorama = [
    {file = "colorama-0.4.6-py2.py3-none-any.whl", hash = "sha256:4f1d9991f5acc0ca119f9d443620b77f9d6b33703e51011c16baf57afb285fc6"},
    {file = "colorama-0.4.6.tar.gz", hash = "sha256:08695f5cb7ed6e0531a20572697297273c47b8cae5a63ffc6d6ed5c201be6e44"},
]
crashtest = [
    {file = "crashtest-0.4.1-py3-none-any.whl", hash = "sha256:8d23eac5fa660409f57472e3851dab7ac18aba459a8d19cbbba86d3d5aecd2a5"},
    {file = "crashtest-0.4.1.tar.gz", hash = "sha256:80d7b1f316ebfbd429f648076d6275c877ba30ba48979de4191714a75266f0ce"},
]
flake8 = [
    {file = "flake8-6.0.0-py2.py3-none-any.whl", hash = "sha256:3833794e27ff64ea4e9cf5d410082a8b97ff1a06c16aa3d2027339cd0f1195c7"},
    {file = "flake8-6.0.0.tar.gz", hash = "sha256:c61007e76655af75e6785a931f452915b371dc48f56efd765247c8fe68f2b181"},
]
future = [
    {file = "future-0.18.2.tar.gz", hash = "sha256:b1bead90b70cf6ec3f0710ae53a525360fa360d306a86583adc6bf83a4db537d"},
]
idna = [
    {file = "idna-3.4-py3-none-any.whl", hash = "sha256:90b77e79eaa3eba6de819a0c442c0b4ceefc341a7a2ab77d7562bf49f425c5c2"},
    {file = "idna-3.4.tar.gz", hash = "sha256:814f528e8dead7d329833b91c5faa87d60bf71824cd12a7530b5526063d02cb4"},
]
isort = [
    {file = "isort-5.10.1-py3-none-any.whl", hash = "sha256:6f62d78e2f89b4500b080fe3a81690850cd254227f27f75c3a0c491a1f351ba7"},
    {file = "isort-5.10.1.tar.gz", hash = "sha256:e8443a5e7a020e9d7f97f1d7d9cd17c88bcb3bc7e218bf9cf5095fe550be2951"},
]
jsonschema = [
    {file = "jsonschema-4.17.3-py3-none-any.whl", hash = "sha256:a870ad254da1a8ca84b6a2905cac29d265f805acc57af304784962a2aa6508f6"},
    {file = "jsonschema-4.17.3.tar.gz", hash = "sha256:0f864437ab8b6076ba6707453ef8f98a6a0d512a80e93f8abdb676f737ecb60d"},
]
macholib = [
    {file = "macholib-1.16.2-py2.py3-none-any.whl", hash = "sha256:44c40f2cd7d6726af8fa6fe22549178d3a4dfecc35a9cd15ea916d9c83a688e0"},
    {file = "macholib-1.16.2.tar.gz", hash = "sha256:557bbfa1bb255c20e9abafe7ed6cd8046b48d9525db2f9b77d3122a63a2a8bf8"},
]
mccabe = [
    {file = "mccabe-0.7.0-py2.py3-none-any.whl", hash = "sha256:6c2d30ab6be0e4a46919781807b4f0d834ebdd6c6e3dca0bda5a15f863427b6e"},
    {file = "mccabe-0.7.0.tar.gz", hash = "sha256:348e0240c33b60bbdf4e523192ef919f28cb2c3d7d5c7794f74009290f236325"},
]
mypy-extensions = [
    {file = "mypy_extensions-0.4.3-py2.py3-none-any.whl", hash = "sha256:090fedd75945a69ae91ce1303b5824f428daf5a028d2f6ab8a299250a846f15d"},
    {file = "mypy_extensions-0.4.3.tar.gz", hash = "sha256:2d82818f5bb3e369420cb3c4060a7970edba416647068eb4c5343488a6c604a8"},
]
packaging = [
    {file = "packaging-21.3-py3-none-any.whl", hash = "sha256:ef103e05f519cdc783ae24ea4e2e0f508a9c99b2d4969652eed6a2e1ea5bd522"},
    {file = "packaging-21.3.tar.gz", hash = "sha256:dd47c42927d89ab911e606518907cc2d3a1f38bbd026385970643f9c5b8ecfeb"},
]
pathspec = [
    {file = "pathspec-0.10.2-py3-none-any.whl", hash = "sha256:88c2606f2c1e818b978540f73ecc908e13999c6c3a383daf3705652ae79807a5"},
    {file = "pathspec-0.10.2.tar.gz", hash = "sha256:8f6bf73e5758fd365ef5d58ce09ac7c27d2833a8d7da51712eac6e27e35141b0"},
]
pefile = [
    {file = "pefile-2022.5.30.tar.gz", hash = "sha256:a5488a3dd1fd021ce33f969780b88fe0f7eebb76eb20996d7318f307612a045b"},
]
platformdirs = [
    {file = "platformdirs-2.5.4-py3-none-any.whl", hash = "sha256:af0276409f9a02373d540bf8480021a048711d572745aef4b7842dad245eba10"},
    {file = "platformdirs-2.5.4.tar.gz", hash = "sha256:1006647646d80f16130f052404c6b901e80ee4ed6bef6792e1f238a8969106f7"},
]
pycodestyle = [
    {file = "pycodestyle-2.10.0-py2.py3-none-any.whl", hash = "sha256:8a4eaf0d0495c7395bdab3589ac2db602797d76207242c17d470186815706610"},
    {file = "pycodestyle-2.10.0.tar.gz", hash = "sha256:347187bdb476329d98f695c213d7295a846d1152ff4fe9bacb8a9590b8ee7053"},
]
pyflakes = [
    {file = "pyflakes-3.0.1-py2.py3-none-any.whl", hash = "sha256:ec55bf7fe21fff7f1ad2f7da62363d749e2a470500eab1b555334b67aa1ef8cf"},
    {file = "pyflakes-3.0.1.tar.gz", hash = "sha256:ec8b276a6b60bd80defed25add7e439881c19e64850afd9b346283d4165fd0fd"},
]
pyinstaller = [
    {file = "pyinstaller-5.6.2-py3-none-macosx_10_13_universal2.whl", hash = "sha256:1b1e3b37a22fb36555d917f0c3dfb998159ff4af6d8fa7cc0074d630c6fe81ad"},
    {file = "pyinstaller-5.6.2-py3-none-manylinux2014_aarch64.whl", hash = "sha256:05df5d2b9ca645cc6ef61d8a85451d2aabe5501997f1f50cd94306fd6bc0485d"},
    {file = "pyinstaller-5.6.2-py3-none-manylinux2014_i686.whl", hash = "sha256:eb083c25f711769af0898852ea30dcb727ba43990bbdf9ffbaa9c77a7bd0d720"},
    {file = "pyinstaller-5.6.2-py3-none-manylinux2014_ppc64le.whl", hash = "sha256:0d167d57036219914188f1400427dd297b975707e78c32a5511191e607be920a"},
    {file = "pyinstaller-5.6.2-py3-none-manylinux2014_s390x.whl", hash = "sha256:32727232f446aa96e394f01b0c35b3de0dc3513c6ba3e26d1ef64c57edb1e9e5"},
    {file = "pyinstaller-5.6.2-py3-none-manylinux2014_x86_64.whl", hash = "sha256:181856ade585b090379ae26b7017dc2c30620e36e3a804b381417a6dc3b2a82b"},
    {file = "pyinstaller-5.6.2-py3-none-musllinux_1_1_aarch64.whl", hash = "sha256:77888f52b61089caa0bee70809bbce9e9b1c613c88b6cb0742ff2a45f1511cbb"},
    {file = "pyinstaller-5.6.2-py3-none-musllinux_1_1_x86_64.whl", hash = "sha256:d888db9afedff290d362ee296d30eb339abeba707ca1565916ce1cd5947131c3"},
    {file = "pyinstaller-5.6.2-py3-none-win32.whl", hash = "sha256:e026adc92c60158741d0bfca27eefaa2414801f61328cb84d0c88241fe8c2087"},
    {file = "pyinstaller-5.6.2-py3-none-win_amd64.whl", hash = "sha256:04ecf805bde2ef25b8e3642410871e6747c22fa7254107f155b8cd179c2a13b6"},
    {file = "pyinstaller-5.6.2.tar.gz", hash = "sha256:865025b6809d777bb0f66d8f8ab50cc97dc3dbe0ff09a1ef1f2fd646432714fc"},
]
pyinstaller-hooks-contrib = [
    {file = "pyinstaller-hooks-contrib-2022.13.tar.gz", hash = "sha256:e06d0881e599d94dc39c6ed1917f0ad9b1858a2478b9892faac18bd48bcdc2de"},
    {file = "pyinstaller_hooks_contrib-2022.13-py2.py3-none-any.whl", hash = "sha256:91ecb30db757a8db8b6661d91d5df99e0998245f05f5cfaade0550922c7030a3"},
]
pyparsing = [
    {file = "pyparsing-3.0.9-py3-none-any.whl", hash = "sha256:5026bae9a10eeaefb61dab2f09052b9f4307d44aee4eda64b309723d8d206bbc"},
    {file = "pyparsing-3.0.9.tar.gz", hash = "sha256:2b020ecf7d21b687f219b71ecad3631f644a47f01403fa1d1036b0c6416d70fb"},
]
pyrsistent = [
    {file = "pyrsistent-0.19.2-cp310-cp310-macosx_10_9_universal2.whl", hash = "sha256:d6982b5a0237e1b7d876b60265564648a69b14017f3b5f908c5be2de3f9abb7a"},
    {file = "pyrsistent-0.19.2-cp310-cp310-manylinux_2_17_aarch64.manylinux2014_aarch64.whl", hash = "sha256:187d5730b0507d9285a96fca9716310d572e5464cadd19f22b63a6976254d77a"},
    {file = "pyrsistent-0.19.2-cp310-cp310-manylinux_2_5_i686.manylinux1_i686.manylinux_2_17_i686.manylinux2014_i686.whl", hash = "sha256:055ab45d5911d7cae397dc418808d8802fb95262751872c841c170b0dbf51eed"},
    {file = "pyrsistent-0.19.2-cp310-cp310-win32.whl", hash = "sha256:456cb30ca8bff00596519f2c53e42c245c09e1a4543945703acd4312949bfd41"},
    {file = "pyrsistent-0.19.2-cp310-cp310-win_amd64.whl", hash = "sha256:b39725209e06759217d1ac5fcdb510e98670af9e37223985f330b611f62e7425"},
    {file = "pyrsistent-0.19.2-cp37-cp37m-macosx_10_9_x86_64.whl", hash = "sha256:2aede922a488861de0ad00c7630a6e2d57e8023e4be72d9d7147a9fcd2d30712"},
    {file = "pyrsistent-0.19.2-cp37-cp37m-manylinux_2_17_aarch64.manylinux2014_aarch64.whl", hash = "sha256:879b4c2f4d41585c42df4d7654ddffff1239dc4065bc88b745f0341828b83e78"},
    {file = "pyrsistent-0.19.2-cp37-cp37m-manylinux_2_5_i686.manylinux1_i686.manylinux_2_17_i686.manylinux2014_i686.whl", hash = "sha256:c43bec251bbd10e3cb58ced80609c5c1eb238da9ca78b964aea410fb820d00d6"},
    {file = "pyrsistent-0.19.2-cp37-cp37m-win32.whl", hash = "sha256:d690b18ac4b3e3cab73b0b7aa7dbe65978a172ff94970ff98d82f2031f8971c2"},
    {file = "pyrsistent-0.19.2-cp37-cp37m-win_amd64.whl", hash = "sha256:3ba4134a3ff0fc7ad225b6b457d1309f4698108fb6b35532d015dca8f5abed73"},
    {file = "pyrsistent-0.19.2-cp38-cp38-macosx_10_9_universal2.whl", hash = "sha256:a178209e2df710e3f142cbd05313ba0c5ebed0a55d78d9945ac7a4e09d923308"},
    {file = "pyrsistent-0.19.2-cp38-cp38-manylinux_2_17_aarch64.manylinux2014_aarch64.whl", hash = "sha256:e371b844cec09d8dc424d940e54bba8f67a03ebea20ff7b7b0d56f526c71d584"},
    {file = "pyrsistent-0.19.2-cp38-cp38-manylinux_2_5_i686.manylinux1_i686.manylinux_2_17_i686.manylinux2014_i686.whl", hash = "sha256:111156137b2e71f3a9936baf27cb322e8024dac3dc54ec7fb9f0bcf3249e68bb"},
    {file = "pyrsistent-0.19.2-cp38-cp38-win32.whl", hash = "sha256:e5d8f84d81e3729c3b506657dddfe46e8ba9c330bf1858ee33108f8bb2adb38a"},
    {file = "pyrsistent-0.19.2-cp38-cp38-win_amd64.whl", hash = "sha256:9cd3e9978d12b5d99cbdc727a3022da0430ad007dacf33d0bf554b96427f33ab"},
    {file = "pyrsistent-0.19.2-cp39-cp39-macosx_10_9_universal2.whl", hash = "sha256:f1258f4e6c42ad0b20f9cfcc3ada5bd6b83374516cd01c0960e3cb75fdca6770"},
    {file = "pyrsistent-0.19.2-cp39-cp39-manylinux_2_17_aarch64.manylinux2014_aarch64.whl", hash = "sha256:21455e2b16000440e896ab99e8304617151981ed40c29e9507ef1c2e4314ee95"},
    {file = "pyrsistent-0.19.2-cp39-cp39-manylinux_2_5_i686.manylinux1_i686.manylinux_2_17_i686.manylinux2014_i686.whl", hash = "sha256:bfd880614c6237243ff53a0539f1cb26987a6dc8ac6e66e0c5a40617296a045e"},
    {file = "pyrsistent-0.19.2-cp39-cp39-win32.whl", hash = "sha256:71d332b0320642b3261e9fee47ab9e65872c2bd90260e5d225dabeed93cbd42b"},
    {file = "pyrsistent-0.19.2-cp39-cp39-win_amd64.whl", hash = "sha256:dec3eac7549869365fe263831f576c8457f6c833937c68542d08fde73457d291"},
    {file = "pyrsistent-0.19.2-py3-none-any.whl", hash = "sha256:ea6b79a02a28550c98b6ca9c35b9f492beaa54d7c5c9e9949555893c8a9234d0"},
    {file = "pyrsistent-0.19.2.tar.gz", hash = "sha256:bfa0351be89c9fcbcb8c9879b826f4353be10f58f8a677efab0c017bf7137ec2"},
]
python-dateutil = [
    {file = "python-dateutil-2.8.2.tar.gz", hash = "sha256:0123cacc1627ae19ddf3c27a5de5bd67ee4586fbdd6440d9748f8abb483d3e86"},
    {file = "python_dateutil-2.8.2-py2.py3-none-any.whl", hash = "sha256:961d03dc3453ebbc59dbdea9e4e11c5651520a876d0f4db161e8674aae935da9"},
]
pywin32-ctypes = [
    {file = "pywin32-ctypes-0.2.0.tar.gz", hash = "sha256:24ffc3b341d457d48e8922352130cf2644024a4ff09762a2261fd34c36ee5942"},
    {file = "pywin32_ctypes-0.2.0-py2.py3-none-any.whl", hash = "sha256:9dc2d991b3479cc2df15930958b674a48a227d5361d413827a4cfd0b5876fc98"},
]
rapidfuzz = [
    {file = "rapidfuzz-2.13.3-cp310-cp310-macosx_10_9_universal2.whl", hash = "sha256:ebdd360f7e9cc30ddbd54f094e1255c981ade8af3ce0a51bf56857eef047e90f"},
    {file = "rapidfuzz-2.13.3-cp310-cp310-macosx_10_9_x86_64.whl", hash = "sha256:3044abd371698aeba51e1e149baa8228293991d1b56a1bec3f676960a9f2d019"},
    {file = "rapidfuzz-2.13.3-cp310-cp310-macosx_11_0_arm64.whl", hash = "sha256:f32a4541667003cfa4d2abfdb19579231653d73bf97d50af298b17be1541dd08"},
    {file = "rapidfuzz-2.13.3-cp310-cp310-manylinux_2_17_aarch64.manylinux2014_aarch64.whl", hash = "sha256:5376126ff87379f4b63226106ca49d7f13a09749e1f016ad24a4549032c06b9a"},
    {file = "rapidfuzz-2.13.3-cp310-cp310-manylinux_2_17_i686.manylinux2014_i686.whl", hash = "sha256:79f621648bc4e2a51217feabdbde9202206f100381008d2730f37313420ca76c"},
    {file = "rapidfuzz-2.13.3-cp310-cp310-manylinux_2_17_ppc64le.manylinux2014_ppc64le.whl", hash = "sha256:063cd9e81b0b49374186aa357e3ac196ac7a26f006590724eb1f1034b40cd6de"},
    {file = "rapidfuzz-2.13.3-cp310-cp310-manylinux_2_17_s390x.manylinux2014_s390x.whl", hash = "sha256:d2db790ba8317fea823221089260687ef382758a32564b8b12c3e6c54be292c8"},
    {file = "rapidfuzz-2.13.3-cp310-cp310-manylinux_2_17_x86_64.manylinux2014_x86_64.whl", hash = "sha256:d211283a01927baa336c326de02d4642c5cfc90a5f031311304a76481f48a6a0"},
    {file = "rapidfuzz-2.13.3-cp310-cp310-musllinux_1_1_aarch64.whl", hash = "sha256:936f23e2b9cebbcd39c0760bc9d7d974aa94cd7cbd8e8581b2aaafd4582fd05a"},
    {file = "rapidfuzz-2.13.3-cp310-cp310-musllinux_1_1_i686.whl", hash = "sha256:bef9072fa8308a5721b63c169abe074fa46e4f1f56cdd4d23820fd9a4385e470"},
    {file = "rapidfuzz-2.13.3-cp310-cp310-musllinux_1_1_ppc64le.whl", hash = "sha256:30741f77db0079e8af5c42e6e7b564d491dabfc1e9d40f52d5ed4c1c197502df"},
    {file = "rapidfuzz-2.13.3-cp310-cp310-musllinux_1_1_s390x.whl", hash = "sha256:ebc38e20e8c67cc82687a68d006a9e4ce2924b6c8ec8d156475dba95fa7a7eb6"},
    {file = "rapidfuzz-2.13.3-cp310-cp310-musllinux_1_1_x86_64.whl", hash = "sha256:d592166beedfa9e0383f913c1562a933bae9aa49380d70aaa65c100cc63dec20"},
    {file = "rapidfuzz-2.13.3-cp310-cp310-win32.whl", hash = "sha256:ebb449658b8baf639c06af520b9d68ca476622d6764f3856c2b34fed05c51617"},
    {file = "rapidfuzz-2.13.3-cp310-cp310-win_amd64.whl", hash = "sha256:43abe1c771e1b7caf3e1c230951e0d0ec966a02af55ebdb55b8a11e83b33b3d9"},
    {file = "rapidfuzz-2.13.3-cp311-cp311-macosx_10_9_universal2.whl", hash = "sha256:16bf1cce7d0038289b34e1cfba92686c54e866e0697a3b8e68423f8ec8a22805"},
    {file = "rapidfuzz-2.13.3-cp311-cp311-macosx_10_9_x86_64.whl", hash = "sha256:01a12f6afc5d339774ea674e821821eb4ec007479b66632a155709b60e70a809"},
    {file = "rapidfuzz-2.13.3-cp311-cp311-macosx_11_0_arm64.whl", hash = "sha256:11bb0cbbb77721339c86e0779a73a5878b401607503321fd9ae338e2526873e5"},
    {file = "rapidfuzz-2.13.3-cp311-cp311-manylinux_2_17_aarch64.manylinux2014_aarch64.whl", hash = "sha256:79c4b7a5b61a53019eada388d279b976289a333e8e49da00c58227f7319d9ec8"},
    {file = "rapidfuzz-2.13.3-cp311-cp311-manylinux_2_17_i686.manylinux2014_i686.whl", hash = "sha256:179927453ab594b117c8ca7ce1de8ff456cd45a636c8bd5bfece8daddb66eb39"},
    {file = "rapidfuzz-2.13.3-cp311-cp311-manylinux_2_17_ppc64le.manylinux2014_ppc64le.whl", hash = "sha256:2f677f95076b92c0042887a136e641c01667332e0a16b19155f3d4026311ddb2"},
    {file = "rapidfuzz-2.13.3-cp311-cp311-manylinux_2_17_s390x.manylinux2014_s390x.whl", hash = "sha256:a60eb9dda0c1f47eb78914c9bbc1bbb49d0a32427c11779a98faf5f8429f9f7f"},
    {file = "rapidfuzz-2.13.3-cp311-cp311-manylinux_2_17_x86_64.manylinux2014_x86_64.whl", hash = "sha256:805014161362eb9fd7119c5921ef4c8a4f4181004e5ca8ca735219e95fe84aeb"},
    {file = "rapidfuzz-2.13.3-cp311-cp311-musllinux_1_1_aarch64.whl", hash = "sha256:e027a2dfd3c12115af44ae8eddf077e67b5a04cef5a46a2942c1b4e4c422fcd8"},
    {file = "rapidfuzz-2.13.3-cp311-cp311-musllinux_1_1_i686.whl", hash = "sha256:c87f3d04d90dec2b6d802c589f9ddbe8bc27d060af848e0ff4dfb78def9be49e"},
    {file = "rapidfuzz-2.13.3-cp311-cp311-musllinux_1_1_ppc64le.whl", hash = "sha256:5314094d06c5e9b5046d619c3742b8d4c7c7b69360f9e1c21c15b083fa1ac098"},
    {file = "rapidfuzz-2.13.3-cp311-cp311-musllinux_1_1_s390x.whl", hash = "sha256:6d83b98342aeb3c2ace9416f2f3112ad9a4773ecd38de1314afa6a5afbb09e83"},
    {file = "rapidfuzz-2.13.3-cp311-cp311-musllinux_1_1_x86_64.whl", hash = "sha256:b19939ef72c37e893d00400fb4205e344d5dfb3dc5aad7871cd0b0f346117576"},
    {file = "rapidfuzz-2.13.3-cp311-cp311-win32.whl", hash = "sha256:82b36669f3287ac2bc2ea9493f3ba3d038c448e0c101cad39cb91283481d8482"},
    {file = "rapidfuzz-2.13.3-cp311-cp311-win_amd64.whl", hash = "sha256:2615f2cf97ead0890662eca39e8973a8b9230d6ca7d20f4e602aa8ee1d4a4da0"},
    {file = "rapidfuzz-2.13.3-cp37-cp37m-macosx_10_9_x86_64.whl", hash = "sha256:65c6b917b289989026cd86c66a1db97d8728e82149487ab8f264b347f36fcabb"},
    {file = "rapidfuzz-2.13.3-cp37-cp37m-manylinux_2_17_aarch64.manylinux2014_aarch64.whl", hash = "sha256:1a35b3addcd170e58ad170f3b11678d6e8467ac0bd8c8c1493259c1e35b61e95"},
    {file = "rapidfuzz-2.13.3-cp37-cp37m-manylinux_2_17_i686.manylinux2014_i686.whl", hash = "sha256:4a7c850771f981a31f0c6826f9f5cec98e7f6efae1611adcb6ba7dccb935a85f"},
    {file = "rapidfuzz-2.13.3-cp37-cp37m-manylinux_2_17_ppc64le.manylinux2014_ppc64le.whl", hash = "sha256:1b7a86dc041be2904291bc66047ea94814a258dcb2ef7c424ccee8049daf7d1f"},
    {file = "rapidfuzz-2.13.3-cp37-cp37m-manylinux_2_17_s390x.manylinux2014_s390x.whl", hash = "sha256:c7e110790d8400846488b7f3cc06bda0a638033af8f0994ea1b2c78af4af988b"},
    {file = "rapidfuzz-2.13.3-cp37-cp37m-manylinux_2_17_x86_64.manylinux2014_x86_64.whl", hash = "sha256:bc257865914ce11d4c5685033314245c55501c8a337331ae9cc6207e67eac20d"},
    {file = "rapidfuzz-2.13.3-cp37-cp37m-musllinux_1_1_aarch64.whl", hash = "sha256:8104e2a3b3400bc7dd965e67e1d1902fe234a03116c6a4a012504156ce884d37"},
    {file = "rapidfuzz-2.13.3-cp37-cp37m-musllinux_1_1_i686.whl", hash = "sha256:97bc1969f535e1db324b6798074534405a510c53505525fb05974f34fedef42f"},
    {file = "rapidfuzz-2.13.3-cp37-cp37m-musllinux_1_1_ppc64le.whl", hash = "sha256:7624bcd56d28c59c3a58beb546d761540b5d57bde6f34ff098e4136366734523"},
    {file = "rapidfuzz-2.13.3-cp37-cp37m-musllinux_1_1_s390x.whl", hash = "sha256:85ca97e74c10d45dfa3e7b0568343bd7272de5da3ba028146dfccb0534f7a2e4"},
    {file = "rapidfuzz-2.13.3-cp37-cp37m-musllinux_1_1_x86_64.whl", hash = "sha256:1e2be097a878e673e2ec0df345943aba4b58781245d298cc192d88741dcaeb6c"},
    {file = "rapidfuzz-2.13.3-cp37-cp37m-win32.whl", hash = "sha256:120d954eba295cdee334d319f3c35c5dee439d5a709cff01112325d5c6bb017b"},
    {file = "rapidfuzz-2.13.3-cp37-cp37m-win_amd64.whl", hash = "sha256:bb409d9449ca1027d0dea3a754f84fb783b44bfa256f3e4972e5aeaec8502a1d"},
    {file = "rapidfuzz-2.13.3-cp38-cp38-macosx_10_9_universal2.whl", hash = "sha256:85fe357e99bcce4ce337b510fd27fa9efae2df758773cd983b5c2645636b8659"},
    {file = "rapidfuzz-2.13.3-cp38-cp38-macosx_10_9_x86_64.whl", hash = "sha256:f90c5075fb8971e10b1287cff38ce5556d398132a938d407cb89e213d25d62e5"},
    {file = "rapidfuzz-2.13.3-cp38-cp38-macosx_11_0_arm64.whl", hash = "sha256:c882cc197d8dab88f4226dd77101bdcf04be281c8a007991cf1ba81fde086598"},
    {file = "rapidfuzz-2.13.3-cp38-cp38-manylinux_2_17_aarch64.manylinux2014_aarch64.whl", hash = "sha256:ef61d5d7dc0e1e70a71777dd08333f1f90700f279588d320bdd7a1c47e7f4d13"},
    {file = "rapidfuzz-2.13.3-cp38-cp38-manylinux_2_17_i686.manylinux2014_i686.whl", hash = "sha256:4a22e5f762a3869bf25d88c6ea1ae99e4227660814650b17df537eee9dd7fc2f"},
    {file = "rapidfuzz-2.13.3-cp38-cp38-manylinux_2_17_ppc64le.manylinux2014_ppc64le.whl", hash = "sha256:7af0c851a754d715e921fad1c027a6f75b3681bf0ec8732172b0648c61830ded"},
    {file = "rapidfuzz-2.13.3-cp38-cp38-manylinux_2_17_s390x.manylinux2014_s390x.whl", hash = "sha256:e0da28db21654a28512c290eb5f210f933504e879d9afb70e7561add4e5a44a7"},
    {file = "rapidfuzz-2.13.3-cp38-cp38-manylinux_2_17_x86_64.manylinux2014_x86_64.whl", hash = "sha256:ad539e28021d489b113c3c0f15775efd72bff4d87cf3adb9f669bf86270eaefb"},
    {file = "rapidfuzz-2.13.3-cp38-cp38-musllinux_1_1_aarch64.whl", hash = "sha256:11745d85ebe028c6dc773028a6da8705f499beb71f09b69477c2e1a47411d0bd"},
    {file = "rapidfuzz-2.13.3-cp38-cp38-musllinux_1_1_i686.whl", hash = "sha256:7283fbbe32824e1f029296683f2982f3def2637cf1e1870b2669fced4d7591e2"},
    {file = "rapidfuzz-2.13.3-cp38-cp38-musllinux_1_1_ppc64le.whl", hash = "sha256:995c46570e703c1f11524e82ba5fcbdd38a8b462fa13e42ce53d4d2310512fa5"},
    {file = "rapidfuzz-2.13.3-cp38-cp38-musllinux_1_1_s390x.whl", hash = "sha256:c9a0b1a5ab19c58ef4a111587e37ccb725e3da629d4291499d91a893e82acbe3"},
    {file = "rapidfuzz-2.13.3-cp38-cp38-musllinux_1_1_x86_64.whl", hash = "sha256:5a27eeb401f90be74bff43f74ade235e94b13af99e39a7210fa1ff224fb70956"},
    {file = "rapidfuzz-2.13.3-cp38-cp38-win32.whl", hash = "sha256:602098d423ebdd7babe3002a39068ed714b8f77c1694abbe29dfc8bac5e19e6a"},
    {file = "rapidfuzz-2.13.3-cp38-cp38-win_amd64.whl", hash = "sha256:e7487e9caeaafce8eeea1376b2380cfd0108ba8edeec95de30cfde12cd282e06"},
    {file = "rapidfuzz-2.13.3-cp39-cp39-macosx_10_9_universal2.whl", hash = "sha256:d93ab6ac3dae43fe2a4192a33521aae332826b9643089a0600eb4160d5a7b044"},
    {file = "rapidfuzz-2.13.3-cp39-cp39-macosx_10_9_x86_64.whl", hash = "sha256:821bf713af7763e1dae60b5b5758db904ad353199867e203cf38ea263f4f54e3"},
    {file = "rapidfuzz-2.13.3-cp39-cp39-macosx_11_0_arm64.whl", hash = "sha256:3905cc8cb5e2dd40985f30c5e2356af92b8c945bfb2441a3bf1b5b31bc793c49"},
    {file = "rapidfuzz-2.13.3-cp39-cp39-manylinux_2_17_aarch64.manylinux2014_aarch64.whl", hash = "sha256:894a8e4d3e0014ccbca4de7cf8b20e77965a2d20ff74b4456ce3672c9590324d"},
    {file = "rapidfuzz-2.13.3-cp39-cp39-manylinux_2_17_i686.manylinux2014_i686.whl", hash = "sha256:8bae2444921cab38ecf8f42d60863f8263a30a8930bf24c82ec587b364bd816f"},
    {file = "rapidfuzz-2.13.3-cp39-cp39-manylinux_2_17_ppc64le.manylinux2014_ppc64le.whl", hash = "sha256:805c8d3d7c0a7b9115b4a00042221d539081fc36d4cc034aac0ef04c4311b21e"},
    {file = "rapidfuzz-2.13.3-cp39-cp39-manylinux_2_17_s390x.manylinux2014_s390x.whl", hash = "sha256:6e5de3acb7ba3b24fc4ce45f21c1ac02ed52f88131916b393a65018e3a413a51"},
    {file = "rapidfuzz-2.13.3-cp39-cp39-manylinux_2_17_x86_64.manylinux2014_x86_64.whl", hash = "sha256:27f633a6d7c87005766ee23c7beb6c41705045d72b232e2f8bf1496d1b58267e"},
    {file = "rapidfuzz-2.13.3-cp39-cp39-musllinux_1_1_aarch64.whl", hash = "sha256:1ccaec24cce386f3207288d6bb30b00e2ac586e30c298a24db63f37d6dd2aa42"},
    {file = "rapidfuzz-2.13.3-cp39-cp39-musllinux_1_1_i686.whl", hash = "sha256:f119d57ca994813ea8715c8f694b724a0a18b9dd53263955d83bc38e48dc2482"},
    {file = "rapidfuzz-2.13.3-cp39-cp39-musllinux_1_1_ppc64le.whl", hash = "sha256:8abdb50bd6ddc7cdbf591ba00e7a69f2e42e1936cf27f48b80d66ed9123912e0"},
    {file = "rapidfuzz-2.13.3-cp39-cp39-musllinux_1_1_s390x.whl", hash = "sha256:5d567fa4592f7138d1bc6565bf1a3b459337b439671aaabc10ee7c59b794605e"},
    {file = "rapidfuzz-2.13.3-cp39-cp39-musllinux_1_1_x86_64.whl", hash = "sha256:5fa1cb29b9ceb12559cb5cd68b4a06536373ca20c5611111ef008eecee8bf1a5"},
    {file = "rapidfuzz-2.13.3-cp39-cp39-win32.whl", hash = "sha256:10400e0896f68ae6d7e6644ebf1bc8dc2006ac369fde5352bdbe10465e1bbea0"},
    {file = "rapidfuzz-2.13.3-cp39-cp39-win_amd64.whl", hash = "sha256:7d3205ace3e018bcf40a706da89cbf81521f8e10402080e90b0e88643c2235ef"},
    {file = "rapidfuzz-2.13.3-pp37-pypy37_pp73-macosx_10_9_x86_64.whl", hash = "sha256:ff8afee5e8da945e81632989457851ac76ea1ef0668797b886bb37071929a64b"},
    {file = "rapidfuzz-2.13.3-pp37-pypy37_pp73-manylinux_2_17_aarch64.manylinux2014_aarch64.whl", hash = "sha256:7eeb2f8ec443aa1aaca02d9e2705482506f90ad77a95b117e11b66b2cd965ef7"},
    {file = "rapidfuzz-2.13.3-pp37-pypy37_pp73-manylinux_2_17_i686.manylinux2014_i686.whl", hash = "sha256:f19960c240488790c932af7fbd6191ce1d990820d9a0ef100da3dcfa88fd9595"},
    {file = "rapidfuzz-2.13.3-pp37-pypy37_pp73-manylinux_2_17_x86_64.manylinux2014_x86_64.whl", hash = "sha256:65190371f7a1bf8a66279801ef3a411dd50ee8670cd646a17c4a2a8d86cbbdf8"},
    {file = "rapidfuzz-2.13.3-pp37-pypy37_pp73-win_amd64.whl", hash = "sha256:755b292271c55d2ed96ba7e1043dccf7f505c1688a40a824cc55874b1ddbed17"},
    {file = "rapidfuzz-2.13.3-pp38-pypy38_pp73-macosx_10_9_x86_64.whl", hash = "sha256:ab85c6a9a701c3d25367624b38ba97241a77932263191ac55d8041d2a2435c09"},
    {file = "rapidfuzz-2.13.3-pp38-pypy38_pp73-manylinux_2_17_aarch64.manylinux2014_aarch64.whl", hash = "sha256:e00a9123e7dc1975e5f9b06fa4e764ba579549b32de559b94460f32b2ba1791c"},
    {file = "rapidfuzz-2.13.3-pp38-pypy38_pp73-manylinux_2_17_i686.manylinux2014_i686.whl", hash = "sha256:d9ff479a7c92012fd9778c1184f8ccb40f196a86704c337a5d3920f47ca4aa24"},
    {file = "rapidfuzz-2.13.3-pp38-pypy38_pp73-manylinux_2_17_x86_64.manylinux2014_x86_64.whl", hash = "sha256:61dd2c8ef4b564dccba1af7d560653d2c0b18eeed64d0d0386bf47cfc0416a7c"},
    {file = "rapidfuzz-2.13.3-pp38-pypy38_pp73-win_amd64.whl", hash = "sha256:971fdb684df048a8e3348b44fab9afe5cdf33f8db63300dbfd9ead87b0cfe733"},
    {file = "rapidfuzz-2.13.3-pp39-pypy39_pp73-macosx_10_9_x86_64.whl", hash = "sha256:e26e69cf9a9c81a19b4846dc23f3ef3dfe1cf8d8525474e646dd51a21f94b634"},
    {file = "rapidfuzz-2.13.3-pp39-pypy39_pp73-manylinux_2_17_aarch64.manylinux2014_aarch64.whl", hash = "sha256:1028697f5c6b0e0bf9a0a4497ac61f35dd7e02d513f8359110102a661b67a7ac"},
    {file = "rapidfuzz-2.13.3-pp39-pypy39_pp73-manylinux_2_17_i686.manylinux2014_i686.whl", hash = "sha256:f8a94f18224678eca6989206ec7432d75d1250e7a85a167cb96aeade4f40ad71"},
    {file = "rapidfuzz-2.13.3-pp39-pypy39_pp73-manylinux_2_17_x86_64.manylinux2014_x86_64.whl", hash = "sha256:b39aa709f37e20d03e37cc2f7c25f3e69d565a5446c4f22915a0b2365b7991ff"},
    {file = "rapidfuzz-2.13.3-pp39-pypy39_pp73-win_amd64.whl", hash = "sha256:6ddf120cf7862e9889b8a24530439528a92bfa0aca822d10ebf8c72c1e887d8a"},
    {file = "rapidfuzz-2.13.3.tar.gz", hash = "sha256:c734d54b5fbdcfea605f7365dedb7083e7499d394fbd03378d663b398e9790ad"},
]
requests = [
    {file = "requests-2.28.1-py3-none-any.whl", hash = "sha256:8fefa2a1a1365bf5520aac41836fbee479da67864514bdb821f31ce07ce65349"},
    {file = "requests-2.28.1.tar.gz", hash = "sha256:7c5599b102feddaa661c826c56ab4fee28bfd17f5abca1ebbe3e7f19d7c97983"},
]
setuptools = [
    {file = "setuptools-65.6.3-py3-none-any.whl", hash = "sha256:57f6f22bde4e042978bcd50176fdb381d7c21a9efa4041202288d3737a0c6a54"},
    {file = "setuptools-65.6.3.tar.gz", hash = "sha256:a7620757bf984b58deaf32fc8a4577a9bbc0850cf92c20e1ce41c38c19e5fb75"},
]
six = [
    {file = "six-1.16.0-py2.py3-none-any.whl", hash = "sha256:8abb2f1d86890a2dfb989f9a77cfcfd3e47c2a354b01111771326f8aa26e0254"},
    {file = "six-1.16.0.tar.gz", hash = "sha256:1e61c37477a1626458e36f7b1d82aa5c9b094fa4802892072e49de9c60c4c926"},
]
tomli = [
    {file = "tomli-2.0.1-py3-none-any.whl", hash = "sha256:939de3e7a6161af0c887ef91b7d41a53e7c5a1ca976325f429cb46ea9bc30ecc"},
    {file = "tomli-2.0.1.tar.gz", hash = "sha256:de526c12914f0c550d15924c62d72abc48d6fe7364aa87328337a31007fe8a4f"},
]
tomli-w = [
    {file = "tomli_w-1.0.0-py3-none-any.whl", hash = "sha256:9f2a07e8be30a0729e533ec968016807069991ae2fd921a78d42f429ae5f4463"},
    {file = "tomli_w-1.0.0.tar.gz", hash = "sha256:f463434305e0336248cac9c2dc8076b707d8a12d019dd349f5c1e382dd1ae1b9"},
]
urllib3 = [
    {file = "urllib3-1.26.13-py2.py3-none-any.whl", hash = "sha256:47cc05d99aaa09c9e72ed5809b60e7ba354e64b59c9c173ac3018642d8bb41fc"},
    {file = "urllib3-1.26.13.tar.gz", hash = "sha256:c083dd0dce68dbfbe1129d5271cb90f9447dea7d52097c6e0126120c521ddea8"},
]
