[[package]]
name = "altgraph"
version = "0.17.3"
description = "Python graph (network) package"
category = "dev"
optional = false
python-versions = "*"

[[package]]
name = "attrs"
version = "22.1.0"
description = "Classes Without Boilerplate"
category = "main"
optional = false
python-versions = ">=3.5"

[package.extras]
dev = ["cloudpickle", "coverage[toml] (>=5.0.2)", "furo", "hypothesis", "mypy (>=0.900,!=0.940)", "pre-commit", "pympler", "pytest (>=4.3.0)", "pytest-mypy-plugins", "sphinx", "sphinx-notfound-page", "zope.interface"]
docs = ["furo", "sphinx", "sphinx-notfound-page", "zope.interface"]
tests = ["cloudpickle", "coverage[toml] (>=5.0.2)", "hypothesis", "mypy (>=0.900,!=0.940)", "pympler", "pytest (>=4.3.0)", "pytest-mypy-plugins", "zope.interface"]
tests-no-zope = ["cloudpickle", "coverage[toml] (>=5.0.2)", "hypothesis", "mypy (>=0.900,!=0.940)", "pympler", "pytest (>=4.3.0)", "pytest-mypy-plugins"]

[[package]]
name = "black"
version = "22.10.0"
description = "The uncompromising code formatter."
category = "dev"
optional = false
python-versions = ">=3.7"

[package.dependencies]
click = ">=8.0.0"
mypy-extensions = ">=0.4.3"
pathspec = ">=0.9.0"
platformdirs = ">=2"
tomli = {version = ">=1.1.0", markers = "python_full_version < \"3.11.0a7\""}

[package.extras]
colorama = ["colorama (>=0.4.3)"]
d = ["aiohttp (>=3.7.4)"]
jupyter = ["ipython (>=7.8.0)", "tokenize-rt (>=3.2.0)"]
uvloop = ["uvloop (>=0.15.2)"]

[[package]]
name = "certifi"
version = "2022.9.24"
description = "Python package for providing Mozilla's CA Bundle."
category = "main"
optional = false
python-versions = ">=3.6"

[[package]]
name = "charset-normalizer"
version = "2.1.1"
description = "The Real First Universal Charset Detector. Open, modern and actively maintained alternative to Chardet."
category = "main"
optional = false
python-versions = ">=3.6.0"

[package.extras]
unicode-backport = ["unicodedata2"]

[[package]]
name = "click"
version = "8.1.3"
description = "Composable command line interface toolkit"
category = "dev"
optional = false
python-versions = ">=3.7"

[package.dependencies]
colorama = {version = "*", markers = "platform_system == \"Windows\""}

[[package]]
name = "colorama"
version = "0.4.6"
description = "Cross-platform colored terminal text."
category = "main"
optional = false
python-versions = "!=3.0.*,!=3.1.*,!=3.2.*,!=3.3.*,!=3.4.*,!=3.5.*,!=3.6.*,>=2.7"

[[package]]
name = "flake8"
version = "5.0.4"
description = "the modular source code checker: pep8 pyflakes and co"
category = "dev"
optional = false
python-versions = ">=3.6.1"

[package.dependencies]
mccabe = ">=0.7.0,<0.8.0"
pycodestyle = ">=2.9.0,<2.10.0"
pyflakes = ">=2.5.0,<2.6.0"

[[package]]
name = "future"
version = "0.18.2"
description = "Clean single-source support for Python 3 and 2"
category = "dev"
optional = false
python-versions = ">=2.6, !=3.0.*, !=3.1.*, !=3.2.*"

[[package]]
name = "idna"
version = "3.4"
description = "Internationalized Domain Names in Applications (IDNA)"
category = "main"
optional = false
python-versions = ">=3.5"

[[package]]
name = "isort"
version = "5.10.1"
description = "A Python utility / library to sort Python imports."
category = "dev"
optional = false
python-versions = ">=3.6.1,<4.0"

[package.extras]
colors = ["colorama (>=0.4.3,<0.5.0)"]
pipfile-deprecated-finder = ["pipreqs", "requirementslib"]
plugins = ["setuptools"]
requirements-deprecated-finder = ["pip-api", "pipreqs"]

[[package]]
name = "jsonschema"
version = "4.17.0"
description = "An implementation of JSON Schema validation for Python"
category = "main"
optional = false
python-versions = ">=3.7"

[package.dependencies]
attrs = ">=17.4.0"
pyrsistent = ">=0.14.0,<0.17.0 || >0.17.0,<0.17.1 || >0.17.1,<0.17.2 || >0.17.2"

[package.extras]
format = ["fqdn", "idna", "isoduration", "jsonpointer (>1.13)", "rfc3339-validator", "rfc3987", "uri-template", "webcolors (>=1.11)"]
format-nongpl = ["fqdn", "idna", "isoduration", "jsonpointer (>1.13)", "rfc3339-validator", "rfc3986-validator (>0.1.0)", "uri-template", "webcolors (>=1.11)"]

[[package]]
name = "macholib"
version = "1.16.2"
description = "Mach-O header analysis and editing"
category = "dev"
optional = false
python-versions = "*"

[package.dependencies]
altgraph = ">=0.17"

[[package]]
name = "mccabe"
version = "0.7.0"
description = "McCabe checker, plugin for flake8"
category = "dev"
optional = false
python-versions = ">=3.6"

[[package]]
name = "mypy-extensions"
version = "0.4.3"
description = "Experimental type system extensions for programs checked with the mypy typechecker."
category = "dev"
optional = false
python-versions = "*"

[[package]]
name = "packaging"
version = "21.3"
description = "Core utilities for Python packages"
category = "main"
optional = false
python-versions = ">=3.6"

[package.dependencies]
pyparsing = ">=2.0.2,<3.0.5 || >3.0.5"

[[package]]
name = "pathspec"
version = "0.10.2"
description = "Utility library for gitignore style pattern matching of file paths."
category = "dev"
optional = false
python-versions = ">=3.7"

[[package]]
name = "pefile"
version = "2022.5.30"
description = "Python PE parsing module"
category = "dev"
optional = false
python-versions = ">=3.6.0"

[package.dependencies]
future = "*"

[[package]]
name = "platformdirs"
version = "2.5.4"
description = "A small Python package for determining appropriate platform-specific dirs, e.g. a \"user data dir\"."
category = "dev"
optional = false
python-versions = ">=3.7"

[package.extras]
docs = ["furo (>=2022.9.29)", "proselint (>=0.13)", "sphinx (>=5.3)", "sphinx-autodoc-typehints (>=1.19.4)"]
test = ["appdirs (==1.4.4)", "pytest (>=7.2)", "pytest-cov (>=4)", "pytest-mock (>=3.10)"]

[[package]]
name = "pycodestyle"
version = "2.9.1"
description = "Python style guide checker"
category = "dev"
optional = false
python-versions = ">=3.6"

[[package]]
name = "pyflakes"
version = "2.5.0"
description = "passive checker of Python programs"
category = "dev"
optional = false
python-versions = ">=3.6"

[[package]]
name = "pyinstaller"
version = "5.6.2"
description = "PyInstaller bundles a Python application and all its dependencies into a single package."
category = "dev"
optional = false
python-versions = "<3.12,>=3.7"

[package.dependencies]
altgraph = "*"
macholib = {version = ">=1.8", markers = "sys_platform == \"darwin\""}
pefile = {version = ">=2022.5.30", markers = "sys_platform == \"win32\""}
pyinstaller-hooks-contrib = ">=2021.4"
pywin32-ctypes = {version = ">=0.2.0", markers = "sys_platform == \"win32\""}
setuptools = "*"

[package.extras]
encryption = ["tinyaes (>=1.0.0)"]
hook-testing = ["execnet (>=1.5.0)", "psutil", "pytest (>=2.7.3)"]

[[package]]
name = "pyinstaller-hooks-contrib"
version = "2022.13"
description = "Community maintained hooks for PyInstaller"
category = "dev"
optional = false
python-versions = ">=3.7"

[[package]]
name = "pyparsing"
version = "3.0.9"
description = "pyparsing module - Classes and methods to define and execute parsing grammars"
category = "main"
optional = false
python-versions = ">=3.6.8"

[package.extras]
diagrams = ["jinja2", "railroad-diagrams"]

[[package]]
name = "pyrsistent"
version = "0.19.2"
description = "Persistent/Functional/Immutable data structures"
category = "main"
optional = false
python-versions = ">=3.7"

[[package]]
name = "pywin32-ctypes"
version = "0.2.0"
description = ""
category = "dev"
optional = false
python-versions = "*"

[[package]]
name = "requests"
version = "2.28.1"
description = "Python HTTP for Humans."
category = "main"
optional = false
python-versions = ">=3.7, <4"

[package.dependencies]
certifi = ">=2017.4.17"
charset-normalizer = ">=2,<3"
idna = ">=2.5,<4"
urllib3 = ">=1.21.1,<1.27"

[package.extras]
socks = ["PySocks (>=1.5.6,!=1.5.7)"]
use-chardet-on-py3 = ["chardet (>=3.0.2,<6)"]

[[package]]
name = "setuptools"
version = "65.5.1"
description = "Easily download, build, install, upgrade, and uninstall Python packages"
category = "dev"
optional = false
python-versions = ">=3.7"

[package.extras]
docs = ["furo", "jaraco.packaging (>=9)", "jaraco.tidelift (>=1.4)", "pygments-github-lexers (==0.0.5)", "rst.linker (>=1.9)", "sphinx (>=3.5)", "sphinx-favicon", "sphinx-hoverxref (<2)", "sphinx-inline-tabs", "sphinx-notfound-page (==0.8.3)", "sphinx-reredirects", "sphinxcontrib-towncrier"]
testing = ["build[virtualenv]", "filelock (>=3.4.0)", "flake8 (<5)", "flake8-2020", "ini2toml[lite] (>=0.9)", "jaraco.envs (>=2.2)", "jaraco.path (>=3.2.0)", "pip (>=19.1)", "pip-run (>=8.8)", "pytest (>=6)", "pytest-black (>=0.3.7)", "pytest-checkdocs (>=2.4)", "pytest-cov", "pytest-enabler (>=1.3)", "pytest-flake8", "pytest-mypy (>=0.9.1)", "pytest-perf", "pytest-timeout", "pytest-xdist", "tomli-w (>=1.0.0)", "virtualenv (>=13.0.0)", "wheel"]
testing-integration = ["build[virtualenv]", "filelock (>=3.4.0)", "jaraco.envs (>=2.2)", "jaraco.path (>=3.2.0)", "pytest", "pytest-enabler", "pytest-xdist", "tomli", "virtualenv (>=13.0.0)", "wheel"]

[[package]]
name = "tomli"
version = "2.0.1"
description = "A lil' TOML parser"
category = "dev"
optional = false
python-versions = ">=3.7"

[[package]]
name = "urllib3"
version = "1.26.12"
description = "HTTP library with thread-safe connection pooling, file post, and more."
category = "main"
optional = false
python-versions = ">=2.7, !=3.0.*, !=3.1.*, !=3.2.*, !=3.3.*, !=3.4.*, !=3.5.*, <4"

[package.extras]
brotli = ["brotli (>=1.0.9)", "brotlicffi (>=0.8.0)", "brotlipy (>=0.6.0)"]
secure = ["certifi", "cryptography (>=1.3.4)", "idna (>=2.0.0)", "ipaddress", "pyOpenSSL (>=0.14)", "urllib3-secure-extra"]
socks = ["PySocks (>=1.5.6,!=1.5.7,<2.0)"]

[metadata]
lock-version = "1.1"
python-versions = ">=3.10, <3.11"
content-hash = "10afa3808ee47d993f87c1dab8bdff48457276fbc9602f3311b5d7c35fc23f55"

[metadata.files]
altgraph = [
    {file = "altgraph-0.17.3-py2.py3-none-any.whl", hash = "sha256:c8ac1ca6772207179ed8003ce7687757c04b0b71536f81e2ac5755c6226458fe"},
    {file = "altgraph-0.17.3.tar.gz", hash = "sha256:ad33358114df7c9416cdb8fa1eaa5852166c505118717021c6a8c7c7abbd03dd"},
]
attrs = [
    {file = "attrs-22.1.0-py2.py3-none-any.whl", hash = "sha256:86efa402f67bf2df34f51a335487cf46b1ec130d02b8d39fd248abfd30da551c"},
    {file = "attrs-22.1.0.tar.gz", hash = "sha256:29adc2665447e5191d0e7c568fde78b21f9672d344281d0c6e1ab085429b22b6"},
]
black = [
    {file = "black-22.10.0-1fixedarch-cp310-cp310-macosx_11_0_x86_64.whl", hash = "sha256:5cc42ca67989e9c3cf859e84c2bf014f6633db63d1cbdf8fdb666dcd9e77e3fa"},
    {file = "black-22.10.0-1fixedarch-cp311-cp311-macosx_11_0_x86_64.whl", hash = "sha256:5d8f74030e67087b219b032aa33a919fae8806d49c867846bfacde57f43972ef"},
    {file = "black-22.10.0-1fixedarch-cp37-cp37m-macosx_10_16_x86_64.whl", hash = "sha256:197df8509263b0b8614e1df1756b1dd41be6738eed2ba9e9769f3880c2b9d7b6"},
    {file = "black-22.10.0-1fixedarch-cp38-cp38-macosx_10_16_x86_64.whl", hash = "sha256:2644b5d63633702bc2c5f3754b1b475378fbbfb481f62319388235d0cd104c2d"},
    {file = "black-22.10.0-1fixedarch-cp39-cp39-macosx_11_0_x86_64.whl", hash = "sha256:e41a86c6c650bcecc6633ee3180d80a025db041a8e2398dcc059b3afa8382cd4"},
    {file = "black-22.10.0-cp310-cp310-macosx_11_0_arm64.whl", hash = "sha256:2039230db3c6c639bd84efe3292ec7b06e9214a2992cd9beb293d639c6402edb"},
    {file = "black-22.10.0-cp310-cp310-manylinux_2_17_x86_64.manylinux2014_x86_64.whl", hash = "sha256:14ff67aec0a47c424bc99b71005202045dc09270da44a27848d534600ac64fc7"},
    {file = "black-22.10.0-cp310-cp310-win_amd64.whl", hash = "sha256:819dc789f4498ecc91438a7de64427c73b45035e2e3680c92e18795a839ebb66"},
    {file = "black-22.10.0-cp311-cp311-macosx_11_0_arm64.whl", hash = "sha256:5b9b29da4f564ba8787c119f37d174f2b69cdfdf9015b7d8c5c16121ddc054ae"},
    {file = "black-22.10.0-cp311-cp311-manylinux_2_17_x86_64.manylinux2014_x86_64.whl", hash = "sha256:b8b49776299fece66bffaafe357d929ca9451450f5466e997a7285ab0fe28e3b"},
    {file = "black-22.10.0-cp311-cp311-win_amd64.whl", hash = "sha256:21199526696b8f09c3997e2b4db8d0b108d801a348414264d2eb8eb2532e540d"},
    {file = "black-22.10.0-cp37-cp37m-manylinux_2_17_x86_64.manylinux2014_x86_64.whl", hash = "sha256:1e464456d24e23d11fced2bc8c47ef66d471f845c7b7a42f3bd77bf3d1789650"},
    {file = "black-22.10.0-cp37-cp37m-win_amd64.whl", hash = "sha256:9311e99228ae10023300ecac05be5a296f60d2fd10fff31cf5c1fa4ca4b1988d"},
    {file = "black-22.10.0-cp38-cp38-macosx_11_0_arm64.whl", hash = "sha256:fba8a281e570adafb79f7755ac8721b6cf1bbf691186a287e990c7929c7692ff"},
    {file = "black-22.10.0-cp38-cp38-manylinux_2_17_x86_64.manylinux2014_x86_64.whl", hash = "sha256:915ace4ff03fdfff953962fa672d44be269deb2eaf88499a0f8805221bc68c87"},
    {file = "black-22.10.0-cp38-cp38-win_amd64.whl", hash = "sha256:444ebfb4e441254e87bad00c661fe32df9969b2bf224373a448d8aca2132b395"},
    {file = "black-22.10.0-cp39-cp39-macosx_11_0_arm64.whl", hash = "sha256:974308c58d057a651d182208a484ce80a26dac0caef2895836a92dd6ebd725e0"},
    {file = "black-22.10.0-cp39-cp39-manylinux_2_17_x86_64.manylinux2014_x86_64.whl", hash = "sha256:72ef3925f30e12a184889aac03d77d031056860ccae8a1e519f6cbb742736383"},
    {file = "black-22.10.0-cp39-cp39-win_amd64.whl", hash = "sha256:432247333090c8c5366e69627ccb363bc58514ae3e63f7fc75c54b1ea80fa7de"},
    {file = "black-22.10.0-py3-none-any.whl", hash = "sha256:c957b2b4ea88587b46cf49d1dc17681c1e672864fd7af32fc1e9664d572b3458"},
    {file = "black-22.10.0.tar.gz", hash = "sha256:f513588da599943e0cde4e32cc9879e825d58720d6557062d1098c5ad80080e1"},
]
certifi = [
    {file = "certifi-2022.9.24-py3-none-any.whl", hash = "sha256:90c1a32f1d68f940488354e36370f6cca89f0f106db09518524c88d6ed83f382"},
    {file = "certifi-2022.9.24.tar.gz", hash = "sha256:0d9c601124e5a6ba9712dbc60d9c53c21e34f5f641fe83002317394311bdce14"},
]
charset-normalizer = [
    {file = "charset-normalizer-2.1.1.tar.gz", hash = "sha256:5a3d016c7c547f69d6f81fb0db9449ce888b418b5b9952cc5e6e66843e9dd845"},
    {file = "charset_normalizer-2.1.1-py3-none-any.whl", hash = "sha256:83e9a75d1911279afd89352c68b45348559d1fc0506b054b346651b5e7fee29f"},
]
click = [
    {file = "click-8.1.3-py3-none-any.whl", hash = "sha256:bb4d8133cb15a609f44e8213d9b391b0809795062913b383c62be0ee95b1db48"},
    {file = "click-8.1.3.tar.gz", hash = "sha256:7682dc8afb30297001674575ea00d1814d808d6a36af415a82bd481d37ba7b8e"},
]
colorama = [
    {file = "colorama-0.4.6-py2.py3-none-any.whl", hash = "sha256:4f1d9991f5acc0ca119f9d443620b77f9d6b33703e51011c16baf57afb285fc6"},
    {file = "colorama-0.4.6.tar.gz", hash = "sha256:08695f5cb7ed6e0531a20572697297273c47b8cae5a63ffc6d6ed5c201be6e44"},
]
flake8 = [
    {file = "flake8-5.0.4-py2.py3-none-any.whl", hash = "sha256:7a1cf6b73744f5806ab95e526f6f0d8c01c66d7bbe349562d22dfca20610b248"},
    {file = "flake8-5.0.4.tar.gz", hash = "sha256:6fbe320aad8d6b95cec8b8e47bc933004678dc63095be98528b7bdd2a9f510db"},
]
future = [
    {file = "future-0.18.2.tar.gz", hash = "sha256:b1bead90b70cf6ec3f0710ae53a525360fa360d306a86583adc6bf83a4db537d"},
]
idna = [
    {file = "idna-3.4-py3-none-any.whl", hash = "sha256:90b77e79eaa3eba6de819a0c442c0b4ceefc341a7a2ab77d7562bf49f425c5c2"},
    {file = "idna-3.4.tar.gz", hash = "sha256:814f528e8dead7d329833b91c5faa87d60bf71824cd12a7530b5526063d02cb4"},
]
isort = [
    {file = "isort-5.10.1-py3-none-any.whl", hash = "sha256:6f62d78e2f89b4500b080fe3a81690850cd254227f27f75c3a0c491a1f351ba7"},
    {file = "isort-5.10.1.tar.gz", hash = "sha256:e8443a5e7a020e9d7f97f1d7d9cd17c88bcb3bc7e218bf9cf5095fe550be2951"},
]
jsonschema = [
    {file = "jsonschema-4.17.0-py3-none-any.whl", hash = "sha256:f660066c3966db7d6daeaea8a75e0b68237a48e51cf49882087757bb59916248"},
    {file = "jsonschema-4.17.0.tar.gz", hash = "sha256:5bfcf2bca16a087ade17e02b282d34af7ccd749ef76241e7f9bd7c0cb8a9424d"},
]
macholib = [
    {file = "macholib-1.16.2-py2.py3-none-any.whl", hash = "sha256:44c40f2cd7d6726af8fa6fe22549178d3a4dfecc35a9cd15ea916d9c83a688e0"},
    {file = "macholib-1.16.2.tar.gz", hash = "sha256:557bbfa1bb255c20e9abafe7ed6cd8046b48d9525db2f9b77d3122a63a2a8bf8"},
]
mccabe = [
    {file = "mccabe-0.7.0-py2.py3-none-any.whl", hash = "sha256:6c2d30ab6be0e4a46919781807b4f0d834ebdd6c6e3dca0bda5a15f863427b6e"},
    {file = "mccabe-0.7.0.tar.gz", hash = "sha256:348e0240c33b60bbdf4e523192ef919f28cb2c3d7d5c7794f74009290f236325"},
]
mypy-extensions = [
    {file = "mypy_extensions-0.4.3-py2.py3-none-any.whl", hash = "sha256:090fedd75945a69ae91ce1303b5824f428daf5a028d2f6ab8a299250a846f15d"},
    {file = "mypy_extensions-0.4.3.tar.gz", hash = "sha256:2d82818f5bb3e369420cb3c4060a7970edba416647068eb4c5343488a6c604a8"},
]
packaging = [
    {file = "packaging-21.3-py3-none-any.whl", hash = "sha256:ef103e05f519cdc783ae24ea4e2e0f508a9c99b2d4969652eed6a2e1ea5bd522"},
    {file = "packaging-21.3.tar.gz", hash = "sha256:dd47c42927d89ab911e606518907cc2d3a1f38bbd026385970643f9c5b8ecfeb"},
]
pathspec = [
    {file = "pathspec-0.10.2-py3-none-any.whl", hash = "sha256:88c2606f2c1e818b978540f73ecc908e13999c6c3a383daf3705652ae79807a5"},
    {file = "pathspec-0.10.2.tar.gz", hash = "sha256:8f6bf73e5758fd365ef5d58ce09ac7c27d2833a8d7da51712eac6e27e35141b0"},
]
pefile = [
    {file = "pefile-2022.5.30.tar.gz", hash = "sha256:a5488a3dd1fd021ce33f969780b88fe0f7eebb76eb20996d7318f307612a045b"},
]
platformdirs = [
    {file = "platformdirs-2.5.4-py3-none-any.whl", hash = "sha256:af0276409f9a02373d540bf8480021a048711d572745aef4b7842dad245eba10"},
    {file = "platformdirs-2.5.4.tar.gz", hash = "sha256:1006647646d80f16130f052404c6b901e80ee4ed6bef6792e1f238a8969106f7"},
]
pycodestyle = [
    {file = "pycodestyle-2.9.1-py2.py3-none-any.whl", hash = "sha256:d1735fc58b418fd7c5f658d28d943854f8a849b01a5d0a1e6f3f3fdd0166804b"},
    {file = "pycodestyle-2.9.1.tar.gz", hash = "sha256:2c9607871d58c76354b697b42f5d57e1ada7d261c261efac224b664affdc5785"},
]
pyflakes = [
    {file = "pyflakes-2.5.0-py2.py3-none-any.whl", hash = "sha256:4579f67d887f804e67edb544428f264b7b24f435b263c4614f384135cea553d2"},
    {file = "pyflakes-2.5.0.tar.gz", hash = "sha256:491feb020dca48ccc562a8c0cbe8df07ee13078df59813b83959cbdada312ea3"},
]
pyinstaller = [
    {file = "pyinstaller-5.6.2-py3-none-macosx_10_13_universal2.whl", hash = "sha256:1b1e3b37a22fb36555d917f0c3dfb998159ff4af6d8fa7cc0074d630c6fe81ad"},
    {file = "pyinstaller-5.6.2-py3-none-manylinux2014_aarch64.whl", hash = "sha256:05df5d2b9ca645cc6ef61d8a85451d2aabe5501997f1f50cd94306fd6bc0485d"},
    {file = "pyinstaller-5.6.2-py3-none-manylinux2014_i686.whl", hash = "sha256:eb083c25f711769af0898852ea30dcb727ba43990bbdf9ffbaa9c77a7bd0d720"},
    {file = "pyinstaller-5.6.2-py3-none-manylinux2014_ppc64le.whl", hash = "sha256:0d167d57036219914188f1400427dd297b975707e78c32a5511191e607be920a"},
    {file = "pyinstaller-5.6.2-py3-none-manylinux2014_s390x.whl", hash = "sha256:32727232f446aa96e394f01b0c35b3de0dc3513c6ba3e26d1ef64c57edb1e9e5"},
    {file = "pyinstaller-5.6.2-py3-none-manylinux2014_x86_64.whl", hash = "sha256:181856ade585b090379ae26b7017dc2c30620e36e3a804b381417a6dc3b2a82b"},
    {file = "pyinstaller-5.6.2-py3-none-musllinux_1_1_aarch64.whl", hash = "sha256:77888f52b61089caa0bee70809bbce9e9b1c613c88b6cb0742ff2a45f1511cbb"},
    {file = "pyinstaller-5.6.2-py3-none-musllinux_1_1_x86_64.whl", hash = "sha256:d888db9afedff290d362ee296d30eb339abeba707ca1565916ce1cd5947131c3"},
    {file = "pyinstaller-5.6.2-py3-none-win32.whl", hash = "sha256:e026adc92c60158741d0bfca27eefaa2414801f61328cb84d0c88241fe8c2087"},
    {file = "pyinstaller-5.6.2-py3-none-win_amd64.whl", hash = "sha256:04ecf805bde2ef25b8e3642410871e6747c22fa7254107f155b8cd179c2a13b6"},
    {file = "pyinstaller-5.6.2.tar.gz", hash = "sha256:865025b6809d777bb0f66d8f8ab50cc97dc3dbe0ff09a1ef1f2fd646432714fc"},
]
pyinstaller-hooks-contrib = [
    {file = "pyinstaller-hooks-contrib-2022.13.tar.gz", hash = "sha256:e06d0881e599d94dc39c6ed1917f0ad9b1858a2478b9892faac18bd48bcdc2de"},
    {file = "pyinstaller_hooks_contrib-2022.13-py2.py3-none-any.whl", hash = "sha256:91ecb30db757a8db8b6661d91d5df99e0998245f05f5cfaade0550922c7030a3"},
]
pyparsing = [
    {file = "pyparsing-3.0.9-py3-none-any.whl", hash = "sha256:5026bae9a10eeaefb61dab2f09052b9f4307d44aee4eda64b309723d8d206bbc"},
    {file = "pyparsing-3.0.9.tar.gz", hash = "sha256:2b020ecf7d21b687f219b71ecad3631f644a47f01403fa1d1036b0c6416d70fb"},
]
pyrsistent = [
    {file = "pyrsistent-0.19.2-cp310-cp310-macosx_10_9_universal2.whl", hash = "sha256:d6982b5a0237e1b7d876b60265564648a69b14017f3b5f908c5be2de3f9abb7a"},
    {file = "pyrsistent-0.19.2-cp310-cp310-manylinux_2_17_aarch64.manylinux2014_aarch64.whl", hash = "sha256:187d5730b0507d9285a96fca9716310d572e5464cadd19f22b63a6976254d77a"},
    {file = "pyrsistent-0.19.2-cp310-cp310-manylinux_2_5_i686.manylinux1_i686.manylinux_2_17_i686.manylinux2014_i686.whl", hash = "sha256:055ab45d5911d7cae397dc418808d8802fb95262751872c841c170b0dbf51eed"},
    {file = "pyrsistent-0.19.2-cp310-cp310-win32.whl", hash = "sha256:456cb30ca8bff00596519f2c53e42c245c09e1a4543945703acd4312949bfd41"},
    {file = "pyrsistent-0.19.2-cp310-cp310-win_amd64.whl", hash = "sha256:b39725209e06759217d1ac5fcdb510e98670af9e37223985f330b611f62e7425"},
    {file = "pyrsistent-0.19.2-cp37-cp37m-macosx_10_9_x86_64.whl", hash = "sha256:2aede922a488861de0ad00c7630a6e2d57e8023e4be72d9d7147a9fcd2d30712"},
    {file = "pyrsistent-0.19.2-cp37-cp37m-manylinux_2_17_aarch64.manylinux2014_aarch64.whl", hash = "sha256:879b4c2f4d41585c42df4d7654ddffff1239dc4065bc88b745f0341828b83e78"},
    {file = "pyrsistent-0.19.2-cp37-cp37m-manylinux_2_5_i686.manylinux1_i686.manylinux_2_17_i686.manylinux2014_i686.whl", hash = "sha256:c43bec251bbd10e3cb58ced80609c5c1eb238da9ca78b964aea410fb820d00d6"},
    {file = "pyrsistent-0.19.2-cp37-cp37m-win32.whl", hash = "sha256:d690b18ac4b3e3cab73b0b7aa7dbe65978a172ff94970ff98d82f2031f8971c2"},
    {file = "pyrsistent-0.19.2-cp37-cp37m-win_amd64.whl", hash = "sha256:3ba4134a3ff0fc7ad225b6b457d1309f4698108fb6b35532d015dca8f5abed73"},
    {file = "pyrsistent-0.19.2-cp38-cp38-macosx_10_9_universal2.whl", hash = "sha256:a178209e2df710e3f142cbd05313ba0c5ebed0a55d78d9945ac7a4e09d923308"},
    {file = "pyrsistent-0.19.2-cp38-cp38-manylinux_2_17_aarch64.manylinux2014_aarch64.whl", hash = "sha256:e371b844cec09d8dc424d940e54bba8f67a03ebea20ff7b7b0d56f526c71d584"},
    {file = "pyrsistent-0.19.2-cp38-cp38-manylinux_2_5_i686.manylinux1_i686.manylinux_2_17_i686.manylinux2014_i686.whl", hash = "sha256:111156137b2e71f3a9936baf27cb322e8024dac3dc54ec7fb9f0bcf3249e68bb"},
    {file = "pyrsistent-0.19.2-cp38-cp38-win32.whl", hash = "sha256:e5d8f84d81e3729c3b506657dddfe46e8ba9c330bf1858ee33108f8bb2adb38a"},
    {file = "pyrsistent-0.19.2-cp38-cp38-win_amd64.whl", hash = "sha256:9cd3e9978d12b5d99cbdc727a3022da0430ad007dacf33d0bf554b96427f33ab"},
    {file = "pyrsistent-0.19.2-cp39-cp39-macosx_10_9_universal2.whl", hash = "sha256:f1258f4e6c42ad0b20f9cfcc3ada5bd6b83374516cd01c0960e3cb75fdca6770"},
    {file = "pyrsistent-0.19.2-cp39-cp39-manylinux_2_17_aarch64.manylinux2014_aarch64.whl", hash = "sha256:21455e2b16000440e896ab99e8304617151981ed40c29e9507ef1c2e4314ee95"},
    {file = "pyrsistent-0.19.2-cp39-cp39-manylinux_2_5_i686.manylinux1_i686.manylinux_2_17_i686.manylinux2014_i686.whl", hash = "sha256:bfd880614c6237243ff53a0539f1cb26987a6dc8ac6e66e0c5a40617296a045e"},
    {file = "pyrsistent-0.19.2-cp39-cp39-win32.whl", hash = "sha256:71d332b0320642b3261e9fee47ab9e65872c2bd90260e5d225dabeed93cbd42b"},
    {file = "pyrsistent-0.19.2-cp39-cp39-win_amd64.whl", hash = "sha256:dec3eac7549869365fe263831f576c8457f6c833937c68542d08fde73457d291"},
    {file = "pyrsistent-0.19.2-py3-none-any.whl", hash = "sha256:ea6b79a02a28550c98b6ca9c35b9f492beaa54d7c5c9e9949555893c8a9234d0"},
    {file = "pyrsistent-0.19.2.tar.gz", hash = "sha256:bfa0351be89c9fcbcb8c9879b826f4353be10f58f8a677efab0c017bf7137ec2"},
]
pywin32-ctypes = [
    {file = "pywin32-ctypes-0.2.0.tar.gz", hash = "sha256:24ffc3b341d457d48e8922352130cf2644024a4ff09762a2261fd34c36ee5942"},
    {file = "pywin32_ctypes-0.2.0-py2.py3-none-any.whl", hash = "sha256:9dc2d991b3479cc2df15930958b674a48a227d5361d413827a4cfd0b5876fc98"},
]
requests = [
    {file = "requests-2.28.1-py3-none-any.whl", hash = "sha256:8fefa2a1a1365bf5520aac41836fbee479da67864514bdb821f31ce07ce65349"},
    {file = "requests-2.28.1.tar.gz", hash = "sha256:7c5599b102feddaa661c826c56ab4fee28bfd17f5abca1ebbe3e7f19d7c97983"},
]
setuptools = [
    {file = "setuptools-65.5.1-py3-none-any.whl", hash = "sha256:d0b9a8433464d5800cbe05094acf5c6d52a91bfac9b52bcfc4d41382be5d5d31"},
    {file = "setuptools-65.5.1.tar.gz", hash = "sha256:e197a19aa8ec9722928f2206f8de752def0e4c9fc6953527360d1c36d94ddb2f"},
]
tomli = [
    {file = "tomli-2.0.1-py3-none-any.whl", hash = "sha256:939de3e7a6161af0c887ef91b7d41a53e7c5a1ca976325f429cb46ea9bc30ecc"},
    {file = "tomli-2.0.1.tar.gz", hash = "sha256:de526c12914f0c550d15924c62d72abc48d6fe7364aa87328337a31007fe8a4f"},
]
urllib3 = [
    {file = "urllib3-1.26.12-py2.py3-none-any.whl", hash = "sha256:b930dd878d5a8afb066a637fbb35144fe7901e3b209d1cd4f524bd0e9deee997"},
    {file = "urllib3-1.26.12.tar.gz", hash = "sha256:3fa96cf423e6987997fc326ae8df396db2a8b7c667747d47ddd8ecba91f4a74e"},
]
